
Microsoft Visual Studio Solution File, Format Version 12.00
# Visual Studio 15
VisualStudioVersion = 15.0.28307.489
MinimumVisualStudioVersion = 10.0.40219.1
Project("{FAE04EC0-301F-11D3-BF4B-00C04F79EFBC}") = "IT_Lab_3", "IT_Lab_3\IT_Lab_3.csproj", "{F9801CA0-D46B-4D0D-A53E-CC6CF4E69589}"
EndProject
Global
	GlobalSection(SolutionConfigurationPlatforms) = preSolution
		Debug|Any CPU = Debug|Any CPU
		Release|Any CPU = Release|Any CPU
	EndGlobalSection
	GlobalSection(ProjectConfigurationPlatforms) = postSolution
		{F9801CA0-D46B-4D0D-A53E-CC6CF4E69589}.Debug|Any CPU.ActiveCfg = Debug|Any CPU
		{F9801CA0-D46B-4D0D-A53E-CC6CF4E69589}.Debug|Any CPU.Build.0 = Debug|Any CPU
		{F9801CA0-D46B-4D0D-A53E-CC6CF4E69589}.Release|Any CPU.ActiveCfg = Release|Any CPU
		{F9801CA0-D46B-4D0D-A53E-CC6CF4E69589}.Release|Any CPU.Build.0 = Release|Any CPU
	EndGlobalSection
	GlobalSection(SolutionProperties) = preSolution
		HideSolutionNode = FALSE
	EndGlobalSection
	GlobalSection(ExtensibilityGlobals) = postSolution
		SolutionGuid = {59AF668A-1CB1-4194-AC39-7E44DFCC18E2}
	EndGlobalSection
EndGlobal
