
Microsoft Visual Studio Solution File, Format Version 12.00
# Visual Studio 15
VisualStudioVersion = 15.0.28307.489
MinimumVisualStudioVersion = 10.0.40219.1
Project("{FAE04EC0-301F-11D3-BF4B-00C04F79EFBC}") = "Lab13", "Lab13\Lab13.csproj", "{F5A3E662-CA7F-434F-B7C5-7EB0A22826BF}"
EndProject
Global
	GlobalSection(SolutionConfigurationPlatforms) = preSolution
		Debug|Any CPU = Debug|Any CPU
		Release|Any CPU = Release|Any CPU
	EndGlobalSection
	GlobalSection(ProjectConfigurationPlatforms) = postSolution
		{F5A3E662-CA7F-434F-B7C5-7EB0A22826BF}.Debug|Any CPU.ActiveCfg = Debug|Any CPU
		{F5A3E662-CA7F-434F-B7C5-7EB0A22826BF}.Debug|Any CPU.Build.0 = Debug|Any CPU
		{F5A3E662-CA7F-434F-B7C5-7EB0A22826BF}.Release|Any CPU.ActiveCfg = Release|Any CPU
		{F5A3E662-CA7F-434F-B7C5-7EB0A22826BF}.Release|Any CPU.Build.0 = Release|Any CPU
	EndGlobalSection
	GlobalSection(SolutionProperties) = preSolution
		HideSolutionNode = FALSE
	EndGlobalSection
	GlobalSection(ExtensibilityGlobals) = postSolution
		SolutionGuid = {B3870899-4C18-4E60-83A2-37211E886388}
	EndGlobalSection
EndGlobal
