
Microsoft Visual Studio Solution File, Format Version 12.00
# Visual Studio 15
VisualStudioVersion = 15.0.28307.489
MinimumVisualStudioVersion = 10.0.40219.1
Project("{FAE04EC0-301F-11D3-BF4B-00C04F79EFBC}") = "FlyingBalls", "FlyingBalls\FlyingBalls.csproj", "{4FB62CE3-494A-452C-B929-A17CB12B330A}"
EndProject
Global
	GlobalSection(SolutionConfigurationPlatforms) = preSolution
		Debug|Any CPU = Debug|Any CPU
		Release|Any CPU = Release|Any CPU
	EndGlobalSection
	GlobalSection(ProjectConfigurationPlatforms) = postSolution
		{4FB62CE3-494A-452C-B929-A17CB12B330A}.Debug|Any CPU.ActiveCfg = Debug|Any CPU
		{4FB62CE3-494A-452C-B929-A17CB12B330A}.Debug|Any CPU.Build.0 = Debug|Any CPU
		{4FB62CE3-494A-452C-B929-A17CB12B330A}.Release|Any CPU.ActiveCfg = Release|Any CPU
		{4FB62CE3-494A-452C-B929-A17CB12B330A}.Release|Any CPU.Build.0 = Release|Any CPU
	EndGlobalSection
	GlobalSection(SolutionProperties) = preSolution
		HideSolutionNode = FALSE
	EndGlobalSection
	GlobalSection(ExtensibilityGlobals) = postSolution
		SolutionGuid = {0E32110C-D61E-4958-86A0-9E38830091FE}
	EndGlobalSection
EndGlobal
