
Microsoft Visual Studio Solution File, Format Version 12.00
# Visual Studio 15
VisualStudioVersion = 15.0.28307.489
MinimumVisualStudioVersion = 10.0.40219.1
Project("{FAE04EC0-301F-11D3-BF4B-00C04F79EFBC}") = "MonsterBall", "MonsterBall\MonsterBall.csproj", "{98322343-2E2F-4B56-B021-AB0D2F321E30}"
EndProject
Global
	GlobalSection(SolutionConfigurationPlatforms) = preSolution
		Debug|Any CPU = Debug|Any CPU
		Release|Any CPU = Release|Any CPU
	EndGlobalSection
	GlobalSection(ProjectConfigurationPlatforms) = postSolution
		{98322343-2E2F-4B56-B021-AB0D2F321E30}.Debug|Any CPU.ActiveCfg = Debug|Any CPU
		{98322343-2E2F-4B56-B021-AB0D2F321E30}.Debug|Any CPU.Build.0 = Debug|Any CPU
		{98322343-2E2F-4B56-B021-AB0D2F321E30}.Release|Any CPU.ActiveCfg = Release|Any CPU
		{98322343-2E2F-4B56-B021-AB0D2F321E30}.Release|Any CPU.Build.0 = Release|Any CPU
	EndGlobalSection
	GlobalSection(SolutionProperties) = preSolution
		HideSolutionNode = FALSE
	EndGlobalSection
	GlobalSection(ExtensibilityGlobals) = postSolution
		SolutionGuid = {50B139C9-5C56-469C-9D7D-4479E92AA4B2}
	EndGlobalSection
EndGlobal
