
Microsoft Visual Studio Solution File, Format Version 12.00
# Visual Studio 15
VisualStudioVersion = 15.0.28307.489
MinimumVisualStudioVersion = 10.0.40219.1
Project("{FAE04EC0-301F-11D3-BF4B-00C04F79EFBC}") = "Koshnicka_VI_Lab4", "Koshnicka_VI_Lab4\Koshnicka_VI_Lab4.csproj", "{C5B251D1-6ABF-4DEF-979B-3EF24D5CC27B}"
EndProject
Global
	GlobalSection(SolutionConfigurationPlatforms) = preSolution
		Debug|Any CPU = Debug|Any CPU
		Release|Any CPU = Release|Any CPU
	EndGlobalSection
	GlobalSection(ProjectConfigurationPlatforms) = postSolution
		{C5B251D1-6ABF-4DEF-979B-3EF24D5CC27B}.Debug|Any CPU.ActiveCfg = Debug|Any CPU
		{C5B251D1-6ABF-4DEF-979B-3EF24D5CC27B}.Debug|Any CPU.Build.0 = Debug|Any CPU
		{C5B251D1-6ABF-4DEF-979B-3EF24D5CC27B}.Release|Any CPU.ActiveCfg = Release|Any CPU
		{C5B251D1-6ABF-4DEF-979B-3EF24D5CC27B}.Release|Any CPU.Build.0 = Release|Any CPU
	EndGlobalSection
	GlobalSection(SolutionProperties) = preSolution
		HideSolutionNode = FALSE
	EndGlobalSection
	GlobalSection(ExtensibilityGlobals) = postSolution
		SolutionGuid = {1E09E9EC-5FB0-4EB7-A01D-44400B7F421F}
	EndGlobalSection
EndGlobal
