
Microsoft Visual Studio Solution File, Format Version 12.00
# Visual Studio 15
VisualStudioVersion = 15.0.28307.489
MinimumVisualStudioVersion = 10.0.40219.1
Project("{FAE04EC0-301F-11D3-BF4B-00C04F79EFBC}") = "PulsingCircles", "PulsingCircles\PulsingCircles.csproj", "{C85328AA-D727-4243-8BF7-17C1A8C43C2C}"
EndProject
Global
	GlobalSection(SolutionConfigurationPlatforms) = preSolution
		Debug|Any CPU = Debug|Any CPU
		Release|Any CPU = Release|Any CPU
	EndGlobalSection
	GlobalSection(ProjectConfigurationPlatforms) = postSolution
		{C85328AA-D727-4243-8BF7-17C1A8C43C2C}.Debug|Any CPU.ActiveCfg = Debug|Any CPU
		{C85328AA-D727-4243-8BF7-17C1A8C43C2C}.Debug|Any CPU.Build.0 = Debug|Any CPU
		{C85328AA-D727-4243-8BF7-17C1A8C43C2C}.Release|Any CPU.ActiveCfg = Release|Any CPU
		{C85328AA-D727-4243-8BF7-17C1A8C43C2C}.Release|Any CPU.Build.0 = Release|Any CPU
	EndGlobalSection
	GlobalSection(SolutionProperties) = preSolution
		HideSolutionNode = FALSE
	EndGlobalSection
	GlobalSection(ExtensibilityGlobals) = postSolution
		SolutionGuid = {12BA125D-8EBA-460A-ACAF-55BF8C2EE8C7}
	EndGlobalSection
EndGlobal
