
Microsoft Visual Studio Solution File, Format Version 12.00
# Visual Studio 15
VisualStudioVersion = 15.0.28307.489
MinimumVisualStudioVersion = 10.0.40219.1
Project("{FAE04EC0-301F-11D3-BF4B-00C04F79EFBC}") = "IT_LAB_5", "IT_LAB_5\IT_LAB_5.csproj", "{B52AC560-8A39-4E4A-8207-1196BA0270E2}"
EndProject
Global
	GlobalSection(SolutionConfigurationPlatforms) = preSolution
		Debug|Any CPU = Debug|Any CPU
		Release|Any CPU = Release|Any CPU
	EndGlobalSection
	GlobalSection(ProjectConfigurationPlatforms) = postSolution
		{B52AC560-8A39-4E4A-8207-1196BA0270E2}.Debug|Any CPU.ActiveCfg = Debug|Any CPU
		{B52AC560-8A39-4E4A-8207-1196BA0270E2}.Debug|Any CPU.Build.0 = Debug|Any CPU
		{B52AC560-8A39-4E4A-8207-1196BA0270E2}.Release|Any CPU.ActiveCfg = Release|Any CPU
		{B52AC560-8A39-4E4A-8207-1196BA0270E2}.Release|Any CPU.Build.0 = Release|Any CPU
	EndGlobalSection
	GlobalSection(SolutionProperties) = preSolution
		HideSolutionNode = FALSE
	EndGlobalSection
	GlobalSection(ExtensibilityGlobals) = postSolution
		SolutionGuid = {C9C290A2-AF70-44E8-8ACA-F0C9DFF085E4}
	EndGlobalSection
EndGlobal
